<?xml version="1.0" encoding="utf-8"?>
<Project ToolsVersion="4.0" xmlns="http://schemas.microsoft.com/developer/msbuild/2003">
  <ItemGroup>
    <Filter Include="Source">
      <UniqueIdentifier>{e2591dd6-311b-439c-87d2-67fba688128a}</UniqueIdentifier>
    </Filter>
    <Filter Include="Source\Input">
      <UniqueIdentifier>{1f51978d-5158-4caa-af4c-82b1adeb1737}</UniqueIdentifier>
    </Filter>
    <Filter Include="Source\Audio">
      <UniqueIdentifier>{aad5f038-c50e-46e2-931b-553dd49a1c6b}</UniqueIdentifier>
    </Filter>
    <Filter Include="HLSL">
      <UniqueIdentifier>{308bef29-b7a1-4219-8495-df428de133c9}</UniqueIdentifier>
    </Filter>
    <Filter Include="Source\Graphics">
      <UniqueIdentifier>{153a1093-d09d-451e-96c4-517468e1df17}</UniqueIdentifier>
    </Filter>
    <Filter Include="Utils">
      <UniqueIdentifier>{fb1e423f-609f-4788-ba40-938ca3a411f9}</UniqueIdentifier>
    </Filter>
    <Filter Include="Utils\imgui">
      <UniqueIdentifier>{92701ab4-53bc-4b91-81b4-95c73d12805f}</UniqueIdentifier>
    </Filter>
  </ItemGroup>
  <ItemGroup>
    <ClCompile Include="Source\Framework.cpp">
      <Filter>Source</Filter>
    </ClCompile>
    <ClCompile Include="Source\GameScene.cpp">
      <Filter>Source</Filter>
    </ClCompile>
    <ClCompile Include="Source\main.cpp">
      <Filter>Source</Filter>
    </ClCompile>
    <ClCompile Include="Source\Audio\Audio.cpp">
      <Filter>Source\Audio</Filter>
    </ClCompile>
    <ClCompile Include="Source\Audio\AudioManager.cpp">
      <Filter>Source\Audio</Filter>
    </ClCompile>
    <ClCompile Include="Source\Audio\AudioResource.cpp">
      <Filter>Source\Audio</Filter>
    </ClCompile>
    <ClCompile Include="Source\Graphics\ImGuiRenderer.cpp">
      <Filter>Source\Graphics</Filter>
    </ClCompile>
    <ClCompile Include="Source\Graphics\SkinnedMesh.cpp">
      <Filter>Source\Graphics</Filter>
    </ClCompile>
    <ClCompile Include="Source\Graphics\Sprite.cpp">
      <Filter>Source\Graphics</Filter>
    </ClCompile>
    <ClCompile Include="Source\Input\GamePad.cpp">
      <Filter>Source\Input</Filter>
    </ClCompile>
    <ClCompile Include="Source\Input\InputManager.cpp">
      <Filter>Source\Input</Filter>
    </ClCompile>
    <ClCompile Include="Source\Input\Mouse.cpp">
      <Filter>Source\Input</Filter>
    </ClCompile>
    <ClCompile Include="Utils\imgui\imgui.cpp">
      <Filter>Utils\imgui</Filter>
    </ClCompile>
    <ClCompile Include="Utils\imgui\imgui_demo.cpp">
      <Filter>Utils\imgui</Filter>
    </ClCompile>
    <ClCompile Include="Utils\imgui\imgui_draw.cpp">
      <Filter>Utils\imgui</Filter>
    </ClCompile>
    <ClCompile Include="Utils\imgui\imgui_ja_gryph_ranges.cpp">
      <Filter>Utils\imgui</Filter>
    </ClCompile>
    <ClCompile Include="Utils\imgui\imgui_widgets.cpp">
      <Filter>Utils\imgui</Filter>
    </ClCompile>
    <ClCompile Include="Source\Graphics\Shader.cpp">
      <Filter>Source\Graphics</Filter>
    </ClCompile>
    <ClCompile Include="Source\Graphics\Texture.cpp">
      <Filter>Source\Graphics</Filter>
    </ClCompile>
    <ClCompile Include="Source\Graphics\GraphicsManager.cpp">
      <Filter>Source\Graphics</Filter>
    </ClCompile>
    <ClCompile Include="Source\Graphics\DebugRenderer.cpp">
      <Filter>Source\Graphics</Filter>
    </ClCompile>
    <ClCompile Include="Source\Graphics\LineRenderer.cpp">
      <Filter>Source\Graphics</Filter>
    </ClCompile>
    <ClCompile Include="Source\DeviceManager.cpp">
      <Filter>Source</Filter>
    </ClCompile>
    <ClCompile Include="Source\Stage.cpp">
      <Filter>Source</Filter>
    </ClCompile>
    <ClCompile Include="Source\Character.cpp">
      <Filter>Source</Filter>
    </ClCompile>
    <ClCompile Include="Source\Player.cpp">
      <Filter>Source</Filter>
    </ClCompile>
    <ClCompile Include="Source\Camera.cpp">
      <Filter>Source</Filter>
    </ClCompile>
    <ClCompile Include="Source\CameraController.cpp">
      <Filter>Source</Filter>
    </ClCompile>
    <ClCompile Include="Source\EnemySlime.cpp">
      <Filter>Source</Filter>
    </ClCompile>
    <ClCompile Include="Source\EnemyManager.cpp">
      <Filter>Source</Filter>
    </ClCompile>
    <ClCompile Include="Source\Enemy.cpp">
      <Filter>Source</Filter>
    </ClCompile>
    <ClCompile Include="Source\Collision.cpp">
      <Filter>Source</Filter>
    </ClCompile>
    <ClCompile Include="Source\Bullet.cpp">
      <Filter>Source</Filter>
    </ClCompile>
    <ClCompile Include="Source\BulletManager.cpp">
      <Filter>Source</Filter>
    </ClCompile>
    <ClCompile Include="Source\StraightBullet.cpp">
      <Filter>Source</Filter>
    </ClCompile>
    <ClCompile Include="Source\HomingBullet.cpp">
      <Filter>Source</Filter>
    </ClCompile>
    <ClCompile Include="Source\Effect\EffectManager.cpp">
      <Filter>Source</Filter>
    </ClCompile>
    <ClCompile Include="Source\Effect\Effect.cpp">
      <Filter>Source</Filter>
    </ClCompile>
    <ClCompile Include="Source\SceneManager.cpp">
      <Filter>Source</Filter>
    </ClCompile>
    <ClCompile Include="Source\SceneTitle.cpp">
      <Filter>Source</Filter>
    </ClCompile>
    <ClCompile Include="Source\LoadingScene.cpp">
      <Filter>Source</Filter>
    </ClCompile>
    <ClCompile Include="Source\MathCulc.cpp">
      <Filter>Source</Filter>
    </ClCompile>
    <ClCompile Include="Source\PlayeManager.cpp">
      <Filter>Source</Filter>
    </ClCompile>
    <ClCompile Include="Source\Ivy.cpp">
      <Filter>Source</Filter>
    </ClCompile>
    <ClCompile Include="Source\StageMain.cpp">
      <Filter>Source</Filter>
    </ClCompile>
    <ClCompile Include="Source\StageManager.cpp">
      <Filter>Source</Filter>
    </ClCompile>
    <ClCompile Include="Source\Obj.cpp">
      <Filter>Source</Filter>
    </ClCompile>
    <ClCompile Include="Source\ObjManager.cpp">
      <Filter>Source</Filter>
    </ClCompile>
    <ClCompile Include="Source\StageWall.cpp">
      <Filter>Source</Filter>
    </ClCompile>
    <ClCompile Include="Source\Goal.cpp">
      <Filter>Source</Filter>
    </ClCompile>
    <ClCompile Include="Source\SceneClear.cpp">
      <Filter>Source</Filter>
    </ClCompile>
    <ClCompile Include="Source\Graphics\Light.cpp">
      <Filter>Source\Graphics</Filter>
    </ClCompile>
    <ClCompile Include="Source\Graphics\LightManager.cpp">
      <Filter>Source</Filter>
    </ClCompile>
  </ItemGroup>
  <ItemGroup>
    <ClInclude Include="Source\Framework.h">
      <Filter>Source</Filter>
    </ClInclude>
    <ClInclude Include="Source\GameScene.h">
      <Filter>Source</Filter>
    </ClInclude>
    <ClInclude Include="Source\high_resolution_timer.h">
      <Filter>Source</Filter>
    </ClInclude>
    <ClInclude Include="Source\misc.h">
      <Filter>Source</Filter>
    </ClInclude>
    <ClInclude Include="Source\Audio\Audio.h">
      <Filter>Source\Audio</Filter>
    </ClInclude>
    <ClInclude Include="Source\Audio\AudioManager.h">
      <Filter>Source\Audio</Filter>
    </ClInclude>
    <ClInclude Include="Source\Audio\AudioResource.h">
      <Filter>Source\Audio</Filter>
    </ClInclude>
    <ClInclude Include="Source\Graphics\ImGuiRenderer.h">
      <Filter>Source\Graphics</Filter>
    </ClInclude>
    <ClInclude Include="Source\Graphics\SkinnedMesh.h">
      <Filter>Source\Graphics</Filter>
    </ClInclude>
    <ClInclude Include="Source\Graphics\Sprite.h">
      <Filter>Source\Graphics</Filter>
    </ClInclude>
    <ClInclude Include="Source\Input\GamePad.h">
      <Filter>Source\Input</Filter>
    </ClInclude>
    <ClInclude Include="Source\Input\InputManager.h">
      <Filter>Source\Input</Filter>
    </ClInclude>
    <ClInclude Include="Source\Input\Mouse.h">
      <Filter>Source\Input</Filter>
    </ClInclude>
    <ClInclude Include="Utils\imgui\imconfig.h">
      <Filter>Utils\imgui</Filter>
    </ClInclude>
    <ClInclude Include="Utils\imgui\imgui.h">
      <Filter>Utils\imgui</Filter>
    </ClInclude>
    <ClInclude Include="Utils\imgui\imgui_internal.h">
      <Filter>Utils\imgui</Filter>
    </ClInclude>
    <ClInclude Include="Utils\imgui\imstb_rectpack.h">
      <Filter>Utils\imgui</Filter>
    </ClInclude>
    <ClInclude Include="Utils\imgui\imstb_textedit.h">
      <Filter>Utils\imgui</Filter>
    </ClInclude>
    <ClInclude Include="Utils\imgui\imstb_truetype.h">
      <Filter>Utils\imgui</Filter>
    </ClInclude>
    <ClInclude Include="Source\Graphics\Shader.h">
      <Filter>Source\Graphics</Filter>
    </ClInclude>
    <ClInclude Include="Source\Graphics\Texture.h">
      <Filter>Source\Graphics</Filter>
    </ClInclude>
    <ClInclude Include="Source\Graphics\GraphicsManager.h">
      <Filter>Source\Graphics</Filter>
    </ClInclude>
    <ClInclude Include="Source\Graphics\DebugRenderer.h">
      <Filter>Source\Graphics</Filter>
    </ClInclude>
    <ClInclude Include="Source\Graphics\LineRenderer.h">
      <Filter>Source\Graphics</Filter>
    </ClInclude>
    <ClInclude Include="Source\Graphics\Buffer.h">
      <Filter>Source\Graphics</Filter>
    </ClInclude>
    <ClInclude Include="Source\DeviceManager.h">
      <Filter>Source</Filter>
    </ClInclude>
    <ClInclude Include="Source\Stage.h">
      <Filter>Source</Filter>
    </ClInclude>
    <ClInclude Include="Source\Character.h">
      <Filter>Source</Filter>
    </ClInclude>
    <ClInclude Include="Source\Player.h">
      <Filter>Source</Filter>
    </ClInclude>
    <ClInclude Include="Source\Camera.h">
      <Filter>Source</Filter>
    </ClInclude>
    <ClInclude Include="Source\CameraController.h">
      <Filter>Source</Filter>
    </ClInclude>
    <ClInclude Include="Source\Enemy.h">
      <Filter>Source</Filter>
    </ClInclude>
    <ClInclude Include="Source\EnemySlime.h">
      <Filter>Source</Filter>
    </ClInclude>
    <ClInclude Include="Source\EnemyManager.h">
      <Filter>Source</Filter>
    </ClInclude>
    <ClInclude Include="Source\Collision.h">
      <Filter>Source</Filter>
    </ClInclude>
    <ClInclude Include="Source\Bullet.h">
      <Filter>Source</Filter>
    </ClInclude>
    <ClInclude Include="Source\BulletManager.h">
      <Filter>Source</Filter>
    </ClInclude>
    <ClInclude Include="Source\StraightBullet.h">
      <Filter>Source</Filter>
    </ClInclude>
    <ClInclude Include="Source\HomingBullet.h">
      <Filter>Source</Filter>
    </ClInclude>
    <ClInclude Include="Source\Effect\EffectManager.h">
      <Filter>Source</Filter>
    </ClInclude>
    <ClInclude Include="Source\Effect\Effect.h">
      <Filter>Source</Filter>
    </ClInclude>
    <ClInclude Include="Source\Scene.h">
      <Filter>Source</Filter>
    </ClInclude>
    <ClInclude Include="Source\SceneManager.h">
      <Filter>Source</Filter>
    </ClInclude>
    <ClInclude Include="Source\SceneTitle.h">
      <Filter>Source</Filter>
    </ClInclude>
    <ClInclude Include="Source\LoadingScene.h">
      <Filter>Source</Filter>
    </ClInclude>
    <ClInclude Include="Source\StageManager.h">
      <Filter>Source</Filter>
    </ClInclude>
    <ClInclude Include="Source\MathCulc.h">
      <Filter>Source</Filter>
    </ClInclude>
    <ClInclude Include="Source\PlayerManager.h">
      <Filter>Source</Filter>
    </ClInclude>
    <ClInclude Include="Source\Ivy.h">
      <Filter>Source</Filter>
    </ClInclude>
    <ClInclude Include="Source\StageMain.h">
      <Filter>Source</Filter>
    </ClInclude>
    <ClInclude Include="Source\Obj.h">
      <Filter>Source</Filter>
    </ClInclude>
    <ClInclude Include="Source\ObjManager.h">
      <Filter>Source</Filter>
    </ClInclude>
    <ClInclude Include="Source\StageWall.h">
      <Filter>Source</Filter>
    </ClInclude>
    <ClInclude Include="Source\Goal.h">
      <Filter>Source</Filter>
    </ClInclude>
    <ClInclude Include="Source\SceneClear.h">
      <Filter>Source</Filter>
    </ClInclude>
    <ClInclude Include="Source\Graphics\Light.h">
      <Filter>Source\Graphics</Filter>
    </ClInclude>
    <ClInclude Include="Source\Graphics\RenderContext.h">
      <Filter>Source\Graphics</Filter>
    </ClInclude>
    <ClInclude Include="Source\Graphics\LightManager.h">
      <Filter>Source</Filter>
    </ClInclude>
  </ItemGroup>
  <ItemGroup>
    <None Include="HLSL\ImGui.hlsli">
      <Filter>HLSL</Filter>
    </None>
    <None Include="HLSL\SkinnedMesh.hlsli">
      <Filter>HLSL</Filter>
    </None>
    <None Include="HLSL\Sprite.hlsli">
      <Filter>HLSL</Filter>
    </None>
    <None Include="HLSL\Debug.hlsli">
      <Filter>HLSL</Filter>
    </None>
    <None Include="HLSL\Line.hlsli">
      <Filter>HLSL</Filter>
    </None>
    <None Include="HLSL\Phong_shader.hlsli">
      <Filter>HLSL</Filter>
    </None>
    <None Include="HLSL\Lights.hlsli">
      <Filter>HLSL</Filter>
    </None>
    <None Include="HLSL\Shading_functions.hlsli">
      <Filter>HLSL</Filter>
    </None>
  </ItemGroup>
  <ItemGroup>
    <FxCompile Include="HLSL\ImGuiPS.hlsl">
      <Filter>HLSL</Filter>
    </FxCompile>
    <FxCompile Include="HLSL\ImGuiVS.hlsl">
      <Filter>HLSL</Filter>
    </FxCompile>
    <FxCompile Include="HLSL\SkinnedMeshPS.hlsl">
      <Filter>HLSL</Filter>
    </FxCompile>
    <FxCompile Include="HLSL\SkinnedMeshVS.hlsl">
      <Filter>HLSL</Filter>
    </FxCompile>
    <FxCompile Include="HLSL\SpritePS.hlsl">
      <Filter>HLSL</Filter>
    </FxCompile>
    <FxCompile Include="HLSL\SpriteVS.hlsl">
      <Filter>HLSL</Filter>
    </FxCompile>
    <FxCompile Include="HLSL\DebugPS.hlsl">
      <Filter>HLSL</Filter>
    </FxCompile>
    <FxCompile Include="HLSL\DebugVS.hlsl">
      <Filter>HLSL</Filter>
    </FxCompile>
    <FxCompile Include="HLSL\LinePS.hlsl">
      <Filter>HLSL</Filter>
    </FxCompile>
    <FxCompile Include="HLSL\LineVS.hlsl">
      <Filter>HLSL</Filter>
    </FxCompile>
    <FxCompile Include="HLSL\Phong_shader_vs.hlsl">
      <Filter>HLSL</Filter>
    </FxCompile>
    <FxCompile Include="HLSL\Phong_shader_ps.hlsl">
      <Filter>HLSL</Filter>
    </FxCompile>
  </ItemGroup>
</Project>